
Microsoft Visual Studio Solution File, Format Version 12.00
# Visual Studio 14
VisualStudioVersion = 14.0.25420.1
MinimumVisualStudioVersion = 10.0.40219.1
Project("{8BB2217D-0F2D-49D1-97BC-3654ED321F3B}") = "Ordering.Domain", "..\src\Services\Ordering\Ordering.Domain\Ordering.Domain.xproj", "{F5598DCB-6DDE-4661-AD9D-A55612DA7E76}"
EndProject
Project("{FAE04EC0-301F-11D3-BF4B-00C04F79EFBC}") = "Ordering.Domain.SpecFlowTests.Generator", "..\test\Services\Specflow\Ordering.Domain.SpecFlowTests.Generator\Ordering.Domain.SpecFlowTests.Generator.csproj", "{B6F3FE11-A80B-4F22-B27A-20A94E4EF8A4}"
EndProject
Project("{8BB2217D-0F2D-49D1-97BC-3654ED321F3B}") = "Ordering.Domain.SpecFlowTests", "..\test\Services\Specflow\Ordering.Domain.SpecFlowTests\Ordering.Domain.SpecFlowTests.xproj", "{B26DC82D-DF30-4774-ABE6-E17B18FEDFFA}"
EndProject
Global
	GlobalSection(SolutionConfigurationPlatforms) = preSolution
		Debug|Any CPU = Debug|Any CPU
		Release|Any CPU = Release|Any CPU
	EndGlobalSection
	GlobalSection(ProjectConfigurationPlatforms) = postSolution
		{F5598DCB-6DDE-4661-AD9D-A55612DA7E76}.Debug|Any CPU.ActiveCfg = Debug|Any CPU
		{F5598DCB-6DDE-4661-AD9D-A55612DA7E76}.Debug|Any CPU.Build.0 = Debug|Any CPU
		{F5598DCB-6DDE-4661-AD9D-A55612DA7E76}.Release|Any CPU.ActiveCfg = Release|Any CPU
		{F5598DCB-6DDE-4661-AD9D-A55612DA7E76}.Release|Any CPU.Build.0 = Release|Any CPU
		{B6F3FE11-A80B-4F22-B27A-20A94E4EF8A4}.Debug|Any CPU.ActiveCfg = Debug|Any CPU
		{B6F3FE11-A80B-4F22-B27A-20A94E4EF8A4}.Debug|Any CPU.Build.0 = Debug|Any CPU
		{B6F3FE11-A80B-4F22-B27A-20A94E4EF8A4}.Release|Any CPU.ActiveCfg = Release|Any CPU
		{B6F3FE11-A80B-4F22-B27A-20A94E4EF8A4}.Release|Any CPU.Build.0 = Release|Any CPU
		{B26DC82D-DF30-4774-ABE6-E17B18FEDFFA}.Debug|Any CPU.ActiveCfg = Debug|Any CPU
		{B26DC82D-DF30-4774-ABE6-E17B18FEDFFA}.Debug|Any CPU.Build.0 = Debug|Any CPU
		{B26DC82D-DF30-4774-ABE6-E17B18FEDFFA}.Release|Any CPU.ActiveCfg = Release|Any CPU
		{B26DC82D-DF30-4774-ABE6-E17B18FEDFFA}.Release|Any CPU.Build.0 = Release|Any CPU
	EndGlobalSection
	GlobalSection(SolutionProperties) = preSolution
		HideSolutionNode = FALSE
	EndGlobalSection
EndGlobal
