
Microsoft Visual Studio Solution File, Format Version 12.00
# Visual Studio 15
VisualStudioVersion = 15.0.26120.4
MinimumVisualStudioVersion = 10.0.40219.1
Project("{2150E333-8FDC-42A3-9474-1A3956D46DE8}") = "src", "src", "{932D8224-11F6-4D07-B109-DA28AD288A63}"
EndProject
Project("{2150E333-8FDC-42A3-9474-1A3956D46DE8}") = "Solution Items", "Solution Items", "{3AF739CD-81D8-428D-A08A-0A58372DEBF6}"
EndProject
Project("{2150E333-8FDC-42A3-9474-1A3956D46DE8}") = "Services", "Services", "{91CF7717-08AB-4E65-B10E-0B426F01E2E8}"
EndProject
Project("{2150E333-8FDC-42A3-9474-1A3956D46DE8}") = "Ordering", "Ordering", "{0BD0DB92-2D98-44D9-9AC0-C59186D59B0B}"
EndProject
Project("{9A19103F-16F7-4668-BE54-9A1E7A4F7556}") = "Ordering.Infrastructure", "Ordering.Infrastructure\Ordering.Infrastructure.csproj", "{1661F142-FEEA-4C8D-BD73-CD72C071BF22}"
EndProject
Project("{9A19103F-16F7-4668-BE54-9A1E7A4F7556}") = "Ordering.Domain", "Ordering.Domain\Ordering.Domain.csproj", "{3CC03E0C-6709-46F3-8B52-F72BB594A625}"
EndProject
Project("{9A19103F-16F7-4668-BE54-9A1E7A4F7556}") = "Ordering.API", "Ordering.API\Ordering.API.csproj", "{811520F8-DACD-4C8B-A638-85A66960DF66}"
EndProject
Global
	GlobalSection(SolutionConfigurationPlatforms) = preSolution
		Debug|Any CPU = Debug|Any CPU
		Debug|x64 = Debug|x64
		Debug|x86 = Debug|x86
		Release|Any CPU = Release|Any CPU
		Release|x64 = Release|x64
		Release|x86 = Release|x86
	EndGlobalSection
	GlobalSection(ProjectConfigurationPlatforms) = postSolution
		{1661F142-FEEA-4C8D-BD73-CD72C071BF22}.Debug|Any CPU.ActiveCfg = Debug|Any CPU
		{1661F142-FEEA-4C8D-BD73-CD72C071BF22}.Debug|Any CPU.Build.0 = Debug|Any CPU
		{1661F142-FEEA-4C8D-BD73-CD72C071BF22}.Debug|x64.ActiveCfg = Debug|x64
		{1661F142-FEEA-4C8D-BD73-CD72C071BF22}.Debug|x64.Build.0 = Debug|x64
		{1661F142-FEEA-4C8D-BD73-CD72C071BF22}.Debug|x86.ActiveCfg = Debug|x86
		{1661F142-FEEA-4C8D-BD73-CD72C071BF22}.Debug|x86.Build.0 = Debug|x86
		{1661F142-FEEA-4C8D-BD73-CD72C071BF22}.Release|Any CPU.ActiveCfg = Release|Any CPU
		{1661F142-FEEA-4C8D-BD73-CD72C071BF22}.Release|Any CPU.Build.0 = Release|Any CPU
		{1661F142-FEEA-4C8D-BD73-CD72C071BF22}.Release|x64.ActiveCfg = Release|x64
		{1661F142-FEEA-4C8D-BD73-CD72C071BF22}.Release|x64.Build.0 = Release|x64
		{1661F142-FEEA-4C8D-BD73-CD72C071BF22}.Release|x86.ActiveCfg = Release|x86
		{1661F142-FEEA-4C8D-BD73-CD72C071BF22}.Release|x86.Build.0 = Release|x86
		{3CC03E0C-6709-46F3-8B52-F72BB594A625}.Debug|Any CPU.ActiveCfg = Debug|Any CPU
		{3CC03E0C-6709-46F3-8B52-F72BB594A625}.Debug|Any CPU.Build.0 = Debug|Any CPU
		{3CC03E0C-6709-46F3-8B52-F72BB594A625}.Debug|x64.ActiveCfg = Debug|x64
		{3CC03E0C-6709-46F3-8B52-F72BB594A625}.Debug|x64.Build.0 = Debug|x64
		{3CC03E0C-6709-46F3-8B52-F72BB594A625}.Debug|x86.ActiveCfg = Debug|x86
		{3CC03E0C-6709-46F3-8B52-F72BB594A625}.Debug|x86.Build.0 = Debug|x86
		{3CC03E0C-6709-46F3-8B52-F72BB594A625}.Release|Any CPU.ActiveCfg = Release|Any CPU
		{3CC03E0C-6709-46F3-8B52-F72BB594A625}.Release|Any CPU.Build.0 = Release|Any CPU
		{3CC03E0C-6709-46F3-8B52-F72BB594A625}.Release|x64.ActiveCfg = Release|x64
		{3CC03E0C-6709-46F3-8B52-F72BB594A625}.Release|x64.Build.0 = Release|x64
		{3CC03E0C-6709-46F3-8B52-F72BB594A625}.Release|x86.ActiveCfg = Release|x86
		{3CC03E0C-6709-46F3-8B52-F72BB594A625}.Release|x86.Build.0 = Release|x86
		{811520F8-DACD-4C8B-A638-85A66960DF66}.Debug|Any CPU.ActiveCfg = Debug|Any CPU
		{811520F8-DACD-4C8B-A638-85A66960DF66}.Debug|Any CPU.Build.0 = Debug|Any CPU
		{811520F8-DACD-4C8B-A638-85A66960DF66}.Debug|x64.ActiveCfg = Debug|x64
		{811520F8-DACD-4C8B-A638-85A66960DF66}.Debug|x64.Build.0 = Debug|x64
		{811520F8-DACD-4C8B-A638-85A66960DF66}.Debug|x86.ActiveCfg = Debug|x86
		{811520F8-DACD-4C8B-A638-85A66960DF66}.Debug|x86.Build.0 = Debug|x86
		{811520F8-DACD-4C8B-A638-85A66960DF66}.Release|Any CPU.ActiveCfg = Release|Any CPU
		{811520F8-DACD-4C8B-A638-85A66960DF66}.Release|Any CPU.Build.0 = Release|Any CPU
		{811520F8-DACD-4C8B-A638-85A66960DF66}.Release|x64.ActiveCfg = Release|x64
		{811520F8-DACD-4C8B-A638-85A66960DF66}.Release|x64.Build.0 = Release|x64
		{811520F8-DACD-4C8B-A638-85A66960DF66}.Release|x86.ActiveCfg = Release|x86
		{811520F8-DACD-4C8B-A638-85A66960DF66}.Release|x86.Build.0 = Release|x86
	EndGlobalSection
	GlobalSection(SolutionProperties) = preSolution
		HideSolutionNode = FALSE
	EndGlobalSection
	GlobalSection(NestedProjects) = preSolution
		{91CF7717-08AB-4E65-B10E-0B426F01E2E8} = {932D8224-11F6-4D07-B109-DA28AD288A63}
		{0BD0DB92-2D98-44D9-9AC0-C59186D59B0B} = {91CF7717-08AB-4E65-B10E-0B426F01E2E8}
		{1661F142-FEEA-4C8D-BD73-CD72C071BF22} = {0BD0DB92-2D98-44D9-9AC0-C59186D59B0B}
		{3CC03E0C-6709-46F3-8B52-F72BB594A625} = {0BD0DB92-2D98-44D9-9AC0-C59186D59B0B}
		{811520F8-DACD-4C8B-A638-85A66960DF66} = {0BD0DB92-2D98-44D9-9AC0-C59186D59B0B}
	EndGlobalSection
EndGlobal
